
Microsoft Visual Studio Solution File, Format Version 12.00
# Visual Studio 15
VisualStudioVersion = 15.0.27130.2010
MinimumVisualStudioVersion = 10.0.40219.1
Project("{8BC9CEB8-8B4A-11D0-8D11-00A0C91BC942}") = "netHook", "netHook\netHook.vcxproj", "{5A954BBD-7230-4075-B78F-C4FC6833F3D1}"
EndProject
Global
	GlobalSection(SolutionConfigurationPlatforms) = preSolution
		Debug|x64 = Debug|x64
		Debug|x86 = Debug|x86
		Release|x64 = Release|x64
		Release|x86 = Release|x86
	EndGlobalSection
	GlobalSection(ProjectConfigurationPlatforms) = postSolution
		{5A954BBD-7230-4075-B78F-C4FC6833F3D1}.Debug|x64.ActiveCfg = Debug|x64
		{5A954BBD-7230-4075-B78F-C4FC6833F3D1}.Debug|x64.Build.0 = Debug|x64
		{5A954BBD-7230-4075-B78F-C4FC6833F3D1}.Debug|x86.ActiveCfg = Debug|Win32
		{5A954BBD-7230-4075-B78F-C4FC6833F3D1}.Debug|x86.Build.0 = Debug|Win32
		{5A954BBD-7230-4075-B78F-C4FC6833F3D1}.Release|x64.ActiveCfg = Release|x64
		{5A954BBD-7230-4075-B78F-C4FC6833F3D1}.Release|x64.Build.0 = Release|x64
		{5A954BBD-7230-4075-B78F-C4FC6833F3D1}.Release|x86.ActiveCfg = Release|Win32
		{5A954BBD-7230-4075-B78F-C4FC6833F3D1}.Release|x86.Build.0 = Release|Win32
	EndGlobalSection
	GlobalSection(SolutionProperties) = preSolution
		HideSolutionNode = FALSE
	EndGlobalSection
	GlobalSection(ExtensibilityGlobals) = postSolution
		SolutionGuid = {67E3E01C-8E7E-4AAA-9D39-697D6718E816}
	EndGlobalSection
EndGlobal
